
Microsoft Visual Studio Solution File, Format Version 12.00
# Visual Studio Version 16
VisualStudioVersion = 16.0.30611.23
MinimumVisualStudioVersion = 10.0.40219.1
Project("{FAE04EC0-301F-11D3-BF4B-00C04F79EFBC}") = "PalindromeRecursive", "PalindromeRecursive\PalindromeRecursive.csproj", "{BAA6B79A-5250-4711-8E08-B0BB27F0BF1E}"
EndProject
Global
	GlobalSection(SolutionConfigurationPlatforms) = preSolution
		Debug|Any CPU = Debug|Any CPU
		Release|Any CPU = Release|Any CPU
	EndGlobalSection
	GlobalSection(ProjectConfigurationPlatforms) = postSolution
		{BAA6B79A-5250-4711-8E08-B0BB27F0BF1E}.Debug|Any CPU.ActiveCfg = Debug|Any CPU
		{BAA6B79A-5250-4711-8E08-B0BB27F0BF1E}.Debug|Any CPU.Build.0 = Debug|Any CPU
		{BAA6B79A-5250-4711-8E08-B0BB27F0BF1E}.Release|Any CPU.ActiveCfg = Release|Any CPU
		{BAA6B79A-5250-4711-8E08-B0BB27F0BF1E}.Release|Any CPU.Build.0 = Release|Any CPU
	EndGlobalSection
	GlobalSection(SolutionProperties) = preSolution
		HideSolutionNode = FALSE
	EndGlobalSection
	GlobalSection(ExtensibilityGlobals) = postSolution
		SolutionGuid = {80B16B9F-C5B0-49FD-A522-2BB0B5E1D82B}
	EndGlobalSection
EndGlobal
